
Microsoft Visual Studio Solution File, Format Version 12.00
# Visual Studio Version 16
VisualStudioVersion = 16.0.29920.165
MinimumVisualStudioVersion = 10.0.40219.1
Project("{9A19103F-16F7-4668-BE54-9A1E7A4F7556}") = "ConsoleAppExo1", "ConsoleApp1\ConsoleAppExo1.csproj", "{870035E4-6D0F-4F7A-956B-11BC380A6C74}"
EndProject
Project("{9A19103F-16F7-4668-BE54-9A1E7A4F7556}") = "ConsoleAppExo2", "ConsoleApp3\ConsoleAppExo2.csproj", "{1C56F239-18BB-4D18-B34F-785A9B6CDDB5}"
EndProject
Global
	GlobalSection(SolutionConfigurationPlatforms) = preSolution
		Debug|Any CPU = Debug|Any CPU
		Release|Any CPU = Release|Any CPU
	EndGlobalSection
	GlobalSection(ProjectConfigurationPlatforms) = postSolution
		{870035E4-6D0F-4F7A-956B-11BC380A6C74}.Debug|Any CPU.ActiveCfg = Debug|Any CPU
		{870035E4-6D0F-4F7A-956B-11BC380A6C74}.Debug|Any CPU.Build.0 = Debug|Any CPU
		{870035E4-6D0F-4F7A-956B-11BC380A6C74}.Release|Any CPU.ActiveCfg = Release|Any CPU
		{870035E4-6D0F-4F7A-956B-11BC380A6C74}.Release|Any CPU.Build.0 = Release|Any CPU
		{1C56F239-18BB-4D18-B34F-785A9B6CDDB5}.Debug|Any CPU.ActiveCfg = Debug|Any CPU
		{1C56F239-18BB-4D18-B34F-785A9B6CDDB5}.Debug|Any CPU.Build.0 = Debug|Any CPU
		{1C56F239-18BB-4D18-B34F-785A9B6CDDB5}.Release|Any CPU.ActiveCfg = Release|Any CPU
		{1C56F239-18BB-4D18-B34F-785A9B6CDDB5}.Release|Any CPU.Build.0 = Release|Any CPU
	EndGlobalSection
	GlobalSection(SolutionProperties) = preSolution
		HideSolutionNode = FALSE
	EndGlobalSection
	GlobalSection(ExtensibilityGlobals) = postSolution
		SolutionGuid = {959B8BFE-BE40-479E-ABC6-DDC5EFA93A52}
	EndGlobalSection
EndGlobal
